hash: 8b5ff8428f49d6320cae267c59a87a98decf7fa1f4eeea3b90d95b2d21ce6f18
updated: 2016-02-18T16:42:42.546699707-07:00
imports:
- name: bitbucket.org/ww/goautoneg
  version: 75cd24fc2f2c
- name: code.google.com/p/goprotobuf
  version: 127091107ff5f822298f1faa7487ffcf578adcf6
  repo: https://github.com/golang/protobuf
- name: github.com/aokoli/goutils
  version: 9c37978a95bd5c709a15883b6242714ea6709e64
- name: github.com/beorn7/perks
  version: b965b613227fddccbfffe13eae360ed3fa822f8d
  subpackages:
  - quantile
- name: github.com/BurntSushi/toml
  version: 312db06c6c6dbfa9899e58564bacfaa584f18ab7
- name: github.com/codegangsta/cli
  version: f445c894402839580d30de47551cedc152dad814
- name: github.com/davecgh/go-spew
  version: 3e6e67c4dcea3ac2f25fd4731abc0e1deaf36216
  subpackages:
  - spew
- name: github.com/deis/pkg
  version: 20cd6d3875d29b186b47d7466dcc1672db01619c
  subpackages:
  - prettyprint
- name: github.com/docker/docker
  version: 2b27fe17a1b3fb8472fde96d768fa70996adf201
  subpackages:
  - pkg/jsonmessage
  - pkg/mount
  - pkg/parsers
  - pkg/symlink
  - pkg/term
  - pkg/timeutils
  - pkg/units
- name: github.com/docker/libcontainer
  version: 5dc7ba0f24332273461e45bc49edcb4d5aa6c44c
  subpackages:
  - cgroups/fs
  - configs
  - cgroups
  - system
- name: github.com/ghodss/yaml
  version: 73d445a93680fa1a78ae23a5839bad48f32ba1ee
- name: github.com/golang/glog
  version: 44145f04b68cf362d9c4df2182967c2275eaefed
- name: github.com/golang/protobuf
  version: 7f07925444bb51fa4cf9dfe6f7661876f8852275
  subpackages:
  - proto
- name: github.com/google/go-github
  version: 81d0490d8aa8400f6760a077f4a2039eb0296e86
  subpackages:
  - github
- name: github.com/google/go-querystring
  version: 6bb77fe6f42b85397288d4f6f67ac72f8f400ee7
  subpackages:
  - query
- name: github.com/google/gofuzz
  version: bbcb9da2d746f8bdbd6a936686a0a6067ada0ec5
- name: github.com/juju/ratelimit
  version: 772f5c38e468398c4511514f4f6aa9a4185bc0a0
- name: github.com/kballard/go-shellquote
  version: d8ec1a69a250a17bb0e419c386eac1f3711dc142
- name: github.com/kr/pty
  version: 05017fcccf23c823bfdea560dcc958a136e54fb7
- name: github.com/Masterminds/semver
  version: c4f7ef0702f269161a60489ccbbc9f1241ad1265
- name: github.com/Masterminds/sprig
  version: fd057ca403105755181f84645696d705a58852dd
- name: github.com/Masterminds/vcs
  version: 9c0db6583837118d5df7c2ae38ab1c194e434b35
- name: github.com/matttproud/golang_protobuf_extensions
  version: fc2b8d3a73c4867e51861bbdd5ae3c1f0869dd6a
  subpackages:
  - pbutil
- name: github.com/pborman/uuid
  version: c55201b036063326c5b1b89ccfe45a184973d073
- name: github.com/prometheus/client_golang
  version: 3b78d7a77f51ccbc364d4bc170920153022cfd08
  subpackages:
  - prometheus
- name: github.com/prometheus/client_model
  version: fa8ad6fec33561be4280a8f0514318c79d7f6cb6
  subpackages:
  - go
- name: github.com/prometheus/common
  version: ef7a9a5fb138aa5d3a19988537606226869a0390
  subpackages:
  - expfmt
  - model
- name: github.com/prometheus/procfs
  version: 490cc6eb5fa45bf8a8b7b73c8bc82a8160e8531d
- name: github.com/spf13/pflag
  version: 8e7dc108ab3a1ab6ce6d922bbaff5657b88e8e49
- name: github.com/steveeJ/gexpect
  version: 0b5620b695de57d5fcea082b9a062157ac60ed73
  repo: https://github.com/coreos/gexpect
- name: golang.org/x/crypto
  version: 1f22c0103821b9390939b6776727195525381532
  subpackages:
  - ssh/terminal
  - nacl/box
  - curve25519
  - nacl/secretbox
  - salsa20/salsa
  - ssh
  - poly1305
- name: golang.org/x/net
  version: c2528b2dd8352441850638a8bb678c2ad056fd3e
  subpackages:
  - context
- name: gopkg.in/yaml.v2
  version: f7716cbe52baa25d2e9b0d0da546fcf909fc16b4
- name: k8s.io/kubernetes
  version: 92635e23dfafb2ddc828c8ac6c03c7a7205a84d8
  subpackages:
  - pkg
  - pkg/api
  - pkg/api/unversioned
  - pkg/api/v1
  - pkg/apis/extensions/v1beta1
  - pkg/api/meta
  - pkg/api/resource
  - pkg/auth/user
  - pkg/conversion
  - pkg/fields
  - pkg/labels
  - pkg/runtime
  - pkg/types
  - pkg/util
  - pkg/util/rand
  - pkg/util/sets
  - pkg/api/registered
  - pkg/apis/extensions
  - third_party/forked/reflect
  - pkg/util/fielderrors
  - pkg/util/validation
  - pkg/util/yaml
  - pkg/api/util
  - pkg/util/errors
- name: launchpad.net/gocheck
  version: 4f90aeace3a26ad7021961c297b22c42160c7b25
  repo: https://github.com/go-check/check
- name: speter.net/go/exp/math/dec/inf
  version: 42ca6cd68aa922bc3f32f1e056e61b65945d9ad7
devImports: []
