hash: e3b30639ce08a893ef3809167f67c665ac85c03ed1611c15721b8fb7fbcc1b64
updated: 2016-05-31T16:45:05.345758638-06:00
imports:
- name: code.google.com/p/goprotobuf
  version: 9e6977f30c91c78396e719e164e57f9287fff42c
  repo: https://github.com/golang/protobuf
- name: github.com/aokoli/goutils
  version: 9c37978a95bd5c709a15883b6242714ea6709e64
- name: github.com/BurntSushi/toml
  version: f0aeabca5a127c4078abb8c8d64298b147264b55
- name: github.com/cloudfoundry-incubator/candiedyaml
  version: 99c3df83b51532e3615f851d8c2dbb638f5313bf
- name: github.com/codegangsta/cli
  version: 71f57d300dd6a780ac1856c005c4b518cfd498ec
- name: github.com/davecgh/go-spew
  version: 3e6e67c4dcea3ac2f25fd4731abc0e1deaf36216
  subpackages:
  - spew
- name: github.com/deis/pkg
  version: 7f41ea6de942139d5de67f4d4cb2cccced991f6f
  subpackages:
  - prettyprint
- name: github.com/docker/docker
  version: 0f5c9d301b9b1cca66b3ea0f9dec3b5317d3686d
  subpackages:
  - pkg/jsonmessage
  - pkg/mount
  - pkg/parsers
  - pkg/symlink
  - pkg/term
  - pkg/timeutils
  - pkg/units
- name: github.com/docker/go-units
  version: 0bbddae09c5a5419a8c6dcdd7ff90da3d450393b
- name: github.com/ghodss/yaml
  version: e8e0db9016175449df0e9c4b6e6995a9433a395c
- name: github.com/golang/glog
  version: 44145f04b68cf362d9c4df2182967c2275eaefed
- name: github.com/google/go-github
  version: 81d0490d8aa8400f6760a077f4a2039eb0296e86
  subpackages:
  - github
- name: github.com/google/go-querystring
  version: 9235644dd9e52eeae6fa48efd539fdc351a0af53
  subpackages:
  - query
- name: github.com/google/gofuzz
  version: bbcb9da2d746f8bdbd6a936686a0a6067ada0ec5
- name: github.com/juju/ratelimit
  version: 77ed1c8a01217656d2080ad51981f6e99adaa177
- name: github.com/Masterminds/semver
  version: 808ed7761c233af2de3f9729a041d68c62527f3a
- name: github.com/Masterminds/sprig
  version: e6494bc7e81206ba6db404d2fd96500ffc453407
- name: github.com/Masterminds/vcs
  version: 7af28b64c5ec41b1558f5514fd938379822c237c
- name: github.com/opencontainers/runc
  version: 7ca2aa4873aea7cb4265b1726acb24b90d8726c6
  subpackages:
  - libcontainer
  - libcontainer/cgroups/fs
  - libcontainer/configs
  - libcontainer/cgroups
  - libcontainer/system
- name: github.com/pborman/uuid
  version: c55201b036063326c5b1b89ccfe45a184973d073
- name: github.com/spf13/pflag
  version: 08b1a584251b5b62f458943640fc8ebd4d50aaa5
- name: github.com/steveeJ/gexpect
  version: ca42424d18c76d0d51a4cccd830d11878e9e5c17
  repo: https://github.com/coreos/gexpect
- name: github.com/ugorji/go
  version: f4485b318aadd133842532f841dc205a8e339d74
  subpackages:
  - codec
- name: golang.org/x/crypto
  version: 5bcd134fee4dd1475da17714aac19c0aa0142e2f
  subpackages:
  - ssh/terminal
  - nacl/box
  - curve25519
  - nacl/secretbox
  - salsa20/salsa
  - poly1305
- name: golang.org/x/net
  version: c2528b2dd8352441850638a8bb678c2ad056fd3e
  subpackages:
  - context
  - html
  - http2
  - internal/timeseries
  - trace
  - websocket
- name: gopkg.in/yaml.v2
  version: a83829b6f1293c91addabc89d0571c246397bbf4
- name: k8s.io/kubernetes
  version: 3eed1e3be6848b877ff80a93da3785d9034d0a4f
  subpackages:
  - pkg
  - pkg/api
  - pkg/api/unversioned
  - pkg/api/v1
  - pkg/apis/extensions/v1beta1
  - pkg/api/meta
  - pkg/api/resource
  - pkg/auth/user
  - pkg/conversion
  - pkg/fields
  - pkg/labels
  - pkg/runtime
  - pkg/runtime/serializer
  - pkg/types
  - pkg/util
  - pkg/util/intstr
  - pkg/util/rand
  - pkg/util/sets
  - pkg/util/parsers
  - pkg/apis/extensions
  - pkg/util/errors
  - third_party/forked/reflect
  - pkg/util/validation
  - pkg/conversion/queryparams
  - pkg/runtime/serializer/json
  - pkg/runtime/serializer/recognizer
  - pkg/runtime/serializer/versioning
  - pkg/util/integer
  - pkg/util/wait
  - pkg/util/yaml
  - pkg/util/runtime
- name: launchpad.net/gocheck
  version: 4f90aeace3a26ad7021961c297b22c42160c7b25
  repo: https://github.com/go-check/check
- name: speter.net/go/exp/math/dec/inf
  version: 42ca6cd68aa922bc3f32f1e056e61b65945d9ad7
  repo: https://github.com/belua/inf
  vcs: git
devImports: []
